
Microsoft Visual Studio Solution File, Format Version 12.00
# Visual Studio Version 17
VisualStudioVersion = 17.0.31717.71
MinimumVisualStudioVersion = 10.0.40219.1
Project("{2150E333-8FDC-42A3-9474-1A3956D46DE8}") = "Core", "Core", "{B1CDBB65-0AFC-4227-8F50-A53EDCD68E23}"
EndProject
Project("{2150E333-8FDC-42A3-9474-1A3956D46DE8}") = "Infrastructure", "Infrastructure", "{C4A21C7B-CD48-4BB8-8C5C-2539F99CF906}"
EndProject
Project("{9A19103F-16F7-4668-BE54-9A1E7A4F7556}") = "TradingPlatform.DatabaseService.Contracts", "TradingPlatform.DatabaseService.Contracts\TradingPlatform.DatabaseService.Contracts.csproj", "{B9546722-D9D1-4DAD-A91E-C9C7382DAFA0}"
EndProject
Project("{9A19103F-16F7-4668-BE54-9A1E7A4F7556}") = "TradingPlatform.DatabaseService.Domain", "TradingPlatform.DatabaseService.Domain\TradingPlatform.DatabaseService.Domain.csproj", "{FB95F557-CA51-4BD8-ABA4-943413BE0392}"
EndProject
Project("{9A19103F-16F7-4668-BE54-9A1E7A4F7556}") = "TradingPlatform.DatabaseService.Services", "TradingPlatform.DatabaseService.Services\TradingPlatform.DatabaseService.Services.csproj", "{88289DC7-1B00-4F01-BF6B-C83823CFF5C5}"
EndProject
Project("{9A19103F-16F7-4668-BE54-9A1E7A4F7556}") = "TradingPlatform.DatabaseService.Services.Abstractions", "TradingPlatform.DatabaseService.Services.Abstractions\TradingPlatform.DatabaseService.Services.Abstractions.csproj", "{51707DA9-FB50-4D35-8C7C-46A7F5B7EACA}"
EndProject
Project("{9A19103F-16F7-4668-BE54-9A1E7A4F7556}") = "TradingPlatform.DatabaseService.Persistence", "TradingPlatform.DatabaseService.Persistence\TradingPlatform.DatabaseService.Persistence.csproj", "{5B0F9604-3E43-43C0-8FAB-EED3734D8275}"
EndProject
Project("{9A19103F-16F7-4668-BE54-9A1E7A4F7556}") = "TradingPlatform.DatabaseService.WebApi", "TradingPlatform.DatabaseService.WebApi\TradingPlatform.DatabaseService.WebApi.csproj", "{1D56489B-5359-44E0-9D6E-98258B07FBE2}"
EndProject
Project("{9A19103F-16F7-4668-BE54-9A1E7A4F7556}") = "TradingPlatform.ClientService.WebMVC", "TradingPlatform.ClientService.WebMVC\TradingPlatform.ClientService.WebMVC.csproj", "{7C7D648C-8216-4966-BC8B-B80EF8184F55}"
EndProject
Project("{2150E333-8FDC-42A3-9474-1A3956D46DE8}") = "Database", "Database", "{C134B3B8-D4A5-4D2E-BC95-3E23353B3CB5}"
EndProject
Project("{2150E333-8FDC-42A3-9474-1A3956D46DE8}") = "Client", "Client", "{5ACD78E8-10A6-4847-97F1-AFF2C828D4B0}"
EndProject
Project("{2150E333-8FDC-42A3-9474-1A3956D46DE8}") = "Core", "Core", "{5BA56329-4149-4AB5-B51C-4E5D6BB62386}"
EndProject
Project("{2150E333-8FDC-42A3-9474-1A3956D46DE8}") = "Infrastructure", "Infrastructure", "{57698AA3-2EAF-4DF4-AE0C-6A8A0D70F189}"
EndProject
Project("{2150E333-8FDC-42A3-9474-1A3956D46DE8}") = "GlobalLibraries", "GlobalLibraries", "{4106956F-5002-4A5F-BE92-41AF3B8305E6}"
EndProject
Project("{9A19103F-16F7-4668-BE54-9A1E7A4F7556}") = "TradingPlatform.ClientService.Persistence", "TradingPlatform.ClientService.Persistence\TradingPlatform.ClientService.Persistence.csproj", "{9DBD1F2C-CD1F-4899-8306-1FE23A5A8529}"
EndProject
Project("{9A19103F-16F7-4668-BE54-9A1E7A4F7556}") = "TradingPlatform.ClientService.Presentation", "TradingPlatform.ClientService.Presentation\TradingPlatform.ClientService.Presentation.csproj", "{041EB39A-22A4-410C-9683-4AE519810274}"
EndProject
Project("{9A19103F-16F7-4668-BE54-9A1E7A4F7556}") = "TradingPlatform.ClientService.Services", "TradingPlatform.ClientService.Services\TradingPlatform.ClientService.Services.csproj", "{9B411864-6DC7-447D-BBCD-B7FC325EDA65}"
EndProject
Project("{9A19103F-16F7-4668-BE54-9A1E7A4F7556}") = "TradingPlatform.ClientService.Services.Abstractions", "TradingPlatform.ClientService.Services.Abstractions\TradingPlatform.ClientService.Services.Abstractions.csproj", "{C7D679C4-31F5-4C13-9E3A-900D6BA672F8}"
EndProject
Project("{9A19103F-16F7-4668-BE54-9A1E7A4F7556}") = "TradingPlatform.ClientService.Domain", "TradingPlatform.ClientService.Domain\TradingPlatform.ClientService.Domain.csproj", "{7209E78E-5630-49A3-B006-884CDBAA27EF}"
EndProject
Project("{9A19103F-16F7-4668-BE54-9A1E7A4F7556}") = "TradingPlatform.ClientService.Contracts", "TradingPlatform.ClientService.Contracts\TradingPlatform.ClientService.Contracts.csproj", "{7FD7ABE6-3DB4-409A-BACC-95E5F8D85A1A}"
EndProject
Project("{9A19103F-16F7-4668-BE54-9A1E7A4F7556}") = "TradingPlatform.EntityContracts", "TradingPlatform.EntityContracts\TradingPlatform.EntityContracts.csproj", "{E3698EB6-8079-4003-9277-1E4EAD502F39}"
EndProject
Project("{9A19103F-16F7-4668-BE54-9A1E7A4F7556}") = "TradingPlatform.EntityExceptions", "TradingPlatform.EntityExceptions\TradingPlatform.EntityExceptions.csproj", "{1515A237-F96E-466E-8692-3F79F1F47F23}"
EndProject
Project("{9A19103F-16F7-4668-BE54-9A1E7A4F7556}") = "TradingPlatform.DatabaseService.Presentation", "TradingPlatform.DatabaseService.Presentation\TradingPlatform.DatabaseService.Presentation.csproj", "{E596B0F2-4874-4D5E-A311-33881D2910AD}"
EndProject
Project("{2150E333-8FDC-42A3-9474-1A3956D46DE8}") = "Tests", "Tests", "{C05F6278-CCBE-40AC-9841-18FEFB7B8832}"
EndProject
Project("{9A19103F-16F7-4668-BE54-9A1E7A4F7556}") = "TradingPlatform.DatabaseService.Persistence.Test", "TradingPlatform.DatabaseService.Persistence.Test\TradingPlatform.DatabaseService.Persistence.Test.csproj", "{6AA4CAC9-2B02-4273-A991-AB1DECC9FCCA}"
EndProject
Project("{2150E333-8FDC-42A3-9474-1A3956D46DE8}") = "Tests", "Tests", "{B658DE21-5595-4900-A062-64699B458CEF}"
EndProject
Global
	GlobalSection(SolutionConfigurationPlatforms) = preSolution
		Debug|Any CPU = Debug|Any CPU
		Release|Any CPU = Release|Any CPU
	EndGlobalSection
	GlobalSection(ProjectConfigurationPlatforms) = postSolution
		{B9546722-D9D1-4DAD-A91E-C9C7382DAFA0}.Debug|Any CPU.ActiveCfg = Debug|Any CPU
		{B9546722-D9D1-4DAD-A91E-C9C7382DAFA0}.Debug|Any CPU.Build.0 = Debug|Any CPU
		{B9546722-D9D1-4DAD-A91E-C9C7382DAFA0}.Release|Any CPU.ActiveCfg = Release|Any CPU
		{B9546722-D9D1-4DAD-A91E-C9C7382DAFA0}.Release|Any CPU.Build.0 = Release|Any CPU
		{FB95F557-CA51-4BD8-ABA4-943413BE0392}.Debug|Any CPU.ActiveCfg = Debug|Any CPU
		{FB95F557-CA51-4BD8-ABA4-943413BE0392}.Debug|Any CPU.Build.0 = Debug|Any CPU
		{FB95F557-CA51-4BD8-ABA4-943413BE0392}.Release|Any CPU.ActiveCfg = Release|Any CPU
		{FB95F557-CA51-4BD8-ABA4-943413BE0392}.Release|Any CPU.Build.0 = Release|Any CPU
		{88289DC7-1B00-4F01-BF6B-C83823CFF5C5}.Debug|Any CPU.ActiveCfg = Debug|Any CPU
		{88289DC7-1B00-4F01-BF6B-C83823CFF5C5}.Debug|Any CPU.Build.0 = Debug|Any CPU
		{88289DC7-1B00-4F01-BF6B-C83823CFF5C5}.Release|Any CPU.ActiveCfg = Release|Any CPU
		{88289DC7-1B00-4F01-BF6B-C83823CFF5C5}.Release|Any CPU.Build.0 = Release|Any CPU
		{51707DA9-FB50-4D35-8C7C-46A7F5B7EACA}.Debug|Any CPU.ActiveCfg = Debug|Any CPU
		{51707DA9-FB50-4D35-8C7C-46A7F5B7EACA}.Debug|Any CPU.Build.0 = Debug|Any CPU
		{51707DA9-FB50-4D35-8C7C-46A7F5B7EACA}.Release|Any CPU.ActiveCfg = Release|Any CPU
		{51707DA9-FB50-4D35-8C7C-46A7F5B7EACA}.Release|Any CPU.Build.0 = Release|Any CPU
		{5B0F9604-3E43-43C0-8FAB-EED3734D8275}.Debug|Any CPU.ActiveCfg = Debug|Any CPU
		{5B0F9604-3E43-43C0-8FAB-EED3734D8275}.Debug|Any CPU.Build.0 = Debug|Any CPU
		{5B0F9604-3E43-43C0-8FAB-EED3734D8275}.Release|Any CPU.ActiveCfg = Release|Any CPU
		{5B0F9604-3E43-43C0-8FAB-EED3734D8275}.Release|Any CPU.Build.0 = Release|Any CPU
		{1D56489B-5359-44E0-9D6E-98258B07FBE2}.Debug|Any CPU.ActiveCfg = Debug|Any CPU
		{1D56489B-5359-44E0-9D6E-98258B07FBE2}.Debug|Any CPU.Build.0 = Debug|Any CPU
		{1D56489B-5359-44E0-9D6E-98258B07FBE2}.Release|Any CPU.ActiveCfg = Release|Any CPU
		{1D56489B-5359-44E0-9D6E-98258B07FBE2}.Release|Any CPU.Build.0 = Release|Any CPU
		{7C7D648C-8216-4966-BC8B-B80EF8184F55}.Debug|Any CPU.ActiveCfg = Debug|Any CPU
		{7C7D648C-8216-4966-BC8B-B80EF8184F55}.Debug|Any CPU.Build.0 = Debug|Any CPU
		{7C7D648C-8216-4966-BC8B-B80EF8184F55}.Release|Any CPU.ActiveCfg = Release|Any CPU
		{7C7D648C-8216-4966-BC8B-B80EF8184F55}.Release|Any CPU.Build.0 = Release|Any CPU
		{9DBD1F2C-CD1F-4899-8306-1FE23A5A8529}.Debug|Any CPU.ActiveCfg = Debug|Any CPU
		{9DBD1F2C-CD1F-4899-8306-1FE23A5A8529}.Debug|Any CPU.Build.0 = Debug|Any CPU
		{9DBD1F2C-CD1F-4899-8306-1FE23A5A8529}.Release|Any CPU.ActiveCfg = Release|Any CPU
		{9DBD1F2C-CD1F-4899-8306-1FE23A5A8529}.Release|Any CPU.Build.0 = Release|Any CPU
		{041EB39A-22A4-410C-9683-4AE519810274}.Debug|Any CPU.ActiveCfg = Debug|Any CPU
		{041EB39A-22A4-410C-9683-4AE519810274}.Debug|Any CPU.Build.0 = Debug|Any CPU
		{041EB39A-22A4-410C-9683-4AE519810274}.Release|Any CPU.ActiveCfg = Release|Any CPU
		{041EB39A-22A4-410C-9683-4AE519810274}.Release|Any CPU.Build.0 = Release|Any CPU
		{9B411864-6DC7-447D-BBCD-B7FC325EDA65}.Debug|Any CPU.ActiveCfg = Debug|Any CPU
		{9B411864-6DC7-447D-BBCD-B7FC325EDA65}.Debug|Any CPU.Build.0 = Debug|Any CPU
		{9B411864-6DC7-447D-BBCD-B7FC325EDA65}.Release|Any CPU.ActiveCfg = Release|Any CPU
		{9B411864-6DC7-447D-BBCD-B7FC325EDA65}.Release|Any CPU.Build.0 = Release|Any CPU
		{C7D679C4-31F5-4C13-9E3A-900D6BA672F8}.Debug|Any CPU.ActiveCfg = Debug|Any CPU
		{C7D679C4-31F5-4C13-9E3A-900D6BA672F8}.Debug|Any CPU.Build.0 = Debug|Any CPU
		{C7D679C4-31F5-4C13-9E3A-900D6BA672F8}.Release|Any CPU.ActiveCfg = Release|Any CPU
		{C7D679C4-31F5-4C13-9E3A-900D6BA672F8}.Release|Any CPU.Build.0 = Release|Any CPU
		{7209E78E-5630-49A3-B006-884CDBAA27EF}.Debug|Any CPU.ActiveCfg = Debug|Any CPU
		{7209E78E-5630-49A3-B006-884CDBAA27EF}.Debug|Any CPU.Build.0 = Debug|Any CPU
		{7209E78E-5630-49A3-B006-884CDBAA27EF}.Release|Any CPU.ActiveCfg = Release|Any CPU
		{7209E78E-5630-49A3-B006-884CDBAA27EF}.Release|Any CPU.Build.0 = Release|Any CPU
		{7FD7ABE6-3DB4-409A-BACC-95E5F8D85A1A}.Debug|Any CPU.ActiveCfg = Debug|Any CPU
		{7FD7ABE6-3DB4-409A-BACC-95E5F8D85A1A}.Debug|Any CPU.Build.0 = Debug|Any CPU
		{7FD7ABE6-3DB4-409A-BACC-95E5F8D85A1A}.Release|Any CPU.ActiveCfg = Release|Any CPU
		{7FD7ABE6-3DB4-409A-BACC-95E5F8D85A1A}.Release|Any CPU.Build.0 = Release|Any CPU
		{E3698EB6-8079-4003-9277-1E4EAD502F39}.Debug|Any CPU.ActiveCfg = Debug|Any CPU
		{E3698EB6-8079-4003-9277-1E4EAD502F39}.Debug|Any CPU.Build.0 = Debug|Any CPU
		{E3698EB6-8079-4003-9277-1E4EAD502F39}.Release|Any CPU.ActiveCfg = Release|Any CPU
		{E3698EB6-8079-4003-9277-1E4EAD502F39}.Release|Any CPU.Build.0 = Release|Any CPU
		{1515A237-F96E-466E-8692-3F79F1F47F23}.Debug|Any CPU.ActiveCfg = Debug|Any CPU
		{1515A237-F96E-466E-8692-3F79F1F47F23}.Debug|Any CPU.Build.0 = Debug|Any CPU
		{1515A237-F96E-466E-8692-3F79F1F47F23}.Release|Any CPU.ActiveCfg = Release|Any CPU
		{1515A237-F96E-466E-8692-3F79F1F47F23}.Release|Any CPU.Build.0 = Release|Any CPU
		{E596B0F2-4874-4D5E-A311-33881D2910AD}.Debug|Any CPU.ActiveCfg = Debug|Any CPU
		{E596B0F2-4874-4D5E-A311-33881D2910AD}.Debug|Any CPU.Build.0 = Debug|Any CPU
		{E596B0F2-4874-4D5E-A311-33881D2910AD}.Release|Any CPU.ActiveCfg = Release|Any CPU
		{E596B0F2-4874-4D5E-A311-33881D2910AD}.Release|Any CPU.Build.0 = Release|Any CPU
		{6AA4CAC9-2B02-4273-A991-AB1DECC9FCCA}.Debug|Any CPU.ActiveCfg = Debug|Any CPU
		{6AA4CAC9-2B02-4273-A991-AB1DECC9FCCA}.Debug|Any CPU.Build.0 = Debug|Any CPU
		{6AA4CAC9-2B02-4273-A991-AB1DECC9FCCA}.Release|Any CPU.ActiveCfg = Release|Any CPU
		{6AA4CAC9-2B02-4273-A991-AB1DECC9FCCA}.Release|Any CPU.Build.0 = Release|Any CPU
	EndGlobalSection
	GlobalSection(SolutionProperties) = preSolution
		HideSolutionNode = FALSE
	EndGlobalSection
	GlobalSection(NestedProjects) = preSolution
		{B1CDBB65-0AFC-4227-8F50-A53EDCD68E23} = {C134B3B8-D4A5-4D2E-BC95-3E23353B3CB5}
		{C4A21C7B-CD48-4BB8-8C5C-2539F99CF906} = {C134B3B8-D4A5-4D2E-BC95-3E23353B3CB5}
		{B9546722-D9D1-4DAD-A91E-C9C7382DAFA0} = {B1CDBB65-0AFC-4227-8F50-A53EDCD68E23}
		{FB95F557-CA51-4BD8-ABA4-943413BE0392} = {B1CDBB65-0AFC-4227-8F50-A53EDCD68E23}
		{88289DC7-1B00-4F01-BF6B-C83823CFF5C5} = {B1CDBB65-0AFC-4227-8F50-A53EDCD68E23}
		{51707DA9-FB50-4D35-8C7C-46A7F5B7EACA} = {B1CDBB65-0AFC-4227-8F50-A53EDCD68E23}
		{5B0F9604-3E43-43C0-8FAB-EED3734D8275} = {C4A21C7B-CD48-4BB8-8C5C-2539F99CF906}
		{1D56489B-5359-44E0-9D6E-98258B07FBE2} = {C134B3B8-D4A5-4D2E-BC95-3E23353B3CB5}
		{7C7D648C-8216-4966-BC8B-B80EF8184F55} = {5ACD78E8-10A6-4847-97F1-AFF2C828D4B0}
		{5BA56329-4149-4AB5-B51C-4E5D6BB62386} = {5ACD78E8-10A6-4847-97F1-AFF2C828D4B0}
		{57698AA3-2EAF-4DF4-AE0C-6A8A0D70F189} = {5ACD78E8-10A6-4847-97F1-AFF2C828D4B0}
		{9DBD1F2C-CD1F-4899-8306-1FE23A5A8529} = {57698AA3-2EAF-4DF4-AE0C-6A8A0D70F189}
		{041EB39A-22A4-410C-9683-4AE519810274} = {57698AA3-2EAF-4DF4-AE0C-6A8A0D70F189}
		{9B411864-6DC7-447D-BBCD-B7FC325EDA65} = {5BA56329-4149-4AB5-B51C-4E5D6BB62386}
		{C7D679C4-31F5-4C13-9E3A-900D6BA672F8} = {5BA56329-4149-4AB5-B51C-4E5D6BB62386}
		{7209E78E-5630-49A3-B006-884CDBAA27EF} = {5BA56329-4149-4AB5-B51C-4E5D6BB62386}
		{7FD7ABE6-3DB4-409A-BACC-95E5F8D85A1A} = {5BA56329-4149-4AB5-B51C-4E5D6BB62386}
		{E3698EB6-8079-4003-9277-1E4EAD502F39} = {4106956F-5002-4A5F-BE92-41AF3B8305E6}
		{1515A237-F96E-466E-8692-3F79F1F47F23} = {4106956F-5002-4A5F-BE92-41AF3B8305E6}
		{E596B0F2-4874-4D5E-A311-33881D2910AD} = {C4A21C7B-CD48-4BB8-8C5C-2539F99CF906}
		{C05F6278-CCBE-40AC-9841-18FEFB7B8832} = {C134B3B8-D4A5-4D2E-BC95-3E23353B3CB5}
		{6AA4CAC9-2B02-4273-A991-AB1DECC9FCCA} = {C05F6278-CCBE-40AC-9841-18FEFB7B8832}
		{B658DE21-5595-4900-A062-64699B458CEF} = {5ACD78E8-10A6-4847-97F1-AFF2C828D4B0}
	EndGlobalSection
	GlobalSection(ExtensibilityGlobals) = postSolution
		SolutionGuid = {49460036-2A5C-4A85-AD8E-FF463A31E2FE}
	EndGlobalSection
EndGlobal
